
Microsoft Visual Studio Solution File, Format Version 12.00
# Visual Studio Version 17
VisualStudioVersion = 17.2.32526.322
MinimumVisualStudioVersion = 10.0.40219.1
Project("{FAE04EC0-301F-11D3-BF4B-00C04F79EFBC}") = "SingletonPattern", "SingletonPattern\SingletonPattern.csproj", "{A492A04D-11F0-40DD-ABD8-DB45A77A8637}"
EndProject
Global
	GlobalSection(SolutionConfigurationPlatforms) = preSolution
		Debug|Any CPU = Debug|Any CPU
		Release|Any CPU = Release|Any CPU
	EndGlobalSection
	GlobalSection(ProjectConfigurationPlatforms) = postSolution
		{A492A04D-11F0-40DD-ABD8-DB45A77A8637}.Debug|Any CPU.ActiveCfg = Debug|Any CPU
		{A492A04D-11F0-40DD-ABD8-DB45A77A8637}.Debug|Any CPU.Build.0 = Debug|Any CPU
		{A492A04D-11F0-40DD-ABD8-DB45A77A8637}.Release|Any CPU.ActiveCfg = Release|Any CPU
		{A492A04D-11F0-40DD-ABD8-DB45A77A8637}.Release|Any CPU.Build.0 = Release|Any CPU
	EndGlobalSection
	GlobalSection(SolutionProperties) = preSolution
		HideSolutionNode = FALSE
	EndGlobalSection
	GlobalSection(ExtensibilityGlobals) = postSolution
		SolutionGuid = {053BA20C-5C02-41D9-9648-2B2F48B453CE}
	EndGlobalSection
EndGlobal
